
Microsoft Visual Studio Solution File, Format Version 12.00
# Visual Studio Version 17
VisualStudioVersion = 17.0.31903.59
MinimumVisualStudioVersion = 10.0.40219.1
Project("{2150E333-8FDC-42A3-9474-1A3956D46DE8}") = "Core", "Core", "{C6F44FF8-205F-403E-BA37-3D12E04EBEC3}"
EndProject
Project("{2150E333-8FDC-42A3-9474-1A3956D46DE8}") = "Infrastructure", "Infrastructure", "{291F6F76-C406-4D00-A242-134C5DF334CC}"
EndProject
Project("{2150E333-8FDC-42A3-9474-1A3956D46DE8}") = "Presentation", "Presentation", "{83446273-D999-4455-A2C7-9E33E6A40EEB}"
EndProject
Project("{2150E333-8FDC-42A3-9474-1A3956D46DE8}") = "Domain", "Domain", "{0C2C6EAA-7291-4491-B394-A96BE81C54F4}"
EndProject
Project("{2150E333-8FDC-42A3-9474-1A3956D46DE8}") = "Application", "Application", "{912B526D-15AF-42DD-841B-438F623E06CE}"
EndProject
Project("{9A19103F-16F7-4668-BE54-9A1E7A4F7556}") = "PriceParser", "Core\Domain\PriceParser\PriceParser.csproj", "{18B99742-35FD-4F72-A706-15AB6DB0E928}"
EndProject
Project("{9A19103F-16F7-4668-BE54-9A1E7A4F7556}") = "PriceParser.Application", "Core\Application\PriceParser.Application\PriceParser.Application.csproj", "{9952A14D-0C82-4F72-B558-3190C42ACCBE}"
EndProject
Project("{2150E333-8FDC-42A3-9474-1A3956D46DE8}") = "Parser", "Parser", "{9DCAE3EB-F6CA-4B6A-8025-310D844C509D}"
EndProject
Project("{9A19103F-16F7-4668-BE54-9A1E7A4F7556}") = "PriceParser.Parser", "Infrastructure\Parser\PriceParser.Parser\PriceParser.Parser.csproj", "{5F7BE351-BBC8-4047-A562-6EB7EA121106}"
EndProject
Project("{9A19103F-16F7-4668-BE54-9A1E7A4F7556}") = "PriceParser.Web", "Presentation\PriceParser.Web\PriceParser.Web.csproj", "{547FFA4B-CBBB-450C-9960-354826D57108}"
EndProject
Project("{9A19103F-16F7-4668-BE54-9A1E7A4F7556}") = "PriceParser.Data.EF", "Infrastructure\PriceParser.Data.EF\PriceParser.Data.EF.csproj", "{F5F1511B-320F-4942-BBED-48D1C06B7B04}"
EndProject
Project("{2150E333-8FDC-42A3-9474-1A3956D46DE8}") = "Tests", "Tests", "{37F6E3E6-30C6-4B95-B6EC-1FB7E78253B7}"
EndProject
Project("{FAE04EC0-301F-11D3-BF4B-00C04F79EFBC}") = "PriceParser.Tests", "Tests\PriceParser.Tests\PriceParser.Tests.csproj", "{0D889B82-8178-42A0-8BE5-C76CD92C5995}"
EndProject
Global
	GlobalSection(SolutionConfigurationPlatforms) = preSolution
		Debug|Any CPU = Debug|Any CPU
		Release|Any CPU = Release|Any CPU
	EndGlobalSection
	GlobalSection(ProjectConfigurationPlatforms) = postSolution
		{18B99742-35FD-4F72-A706-15AB6DB0E928}.Debug|Any CPU.ActiveCfg = Debug|Any CPU
		{18B99742-35FD-4F72-A706-15AB6DB0E928}.Debug|Any CPU.Build.0 = Debug|Any CPU
		{18B99742-35FD-4F72-A706-15AB6DB0E928}.Release|Any CPU.ActiveCfg = Release|Any CPU
		{18B99742-35FD-4F72-A706-15AB6DB0E928}.Release|Any CPU.Build.0 = Release|Any CPU
		{9952A14D-0C82-4F72-B558-3190C42ACCBE}.Debug|Any CPU.ActiveCfg = Debug|Any CPU
		{9952A14D-0C82-4F72-B558-3190C42ACCBE}.Debug|Any CPU.Build.0 = Debug|Any CPU
		{9952A14D-0C82-4F72-B558-3190C42ACCBE}.Release|Any CPU.ActiveCfg = Release|Any CPU
		{9952A14D-0C82-4F72-B558-3190C42ACCBE}.Release|Any CPU.Build.0 = Release|Any CPU
		{5F7BE351-BBC8-4047-A562-6EB7EA121106}.Debug|Any CPU.ActiveCfg = Debug|Any CPU
		{5F7BE351-BBC8-4047-A562-6EB7EA121106}.Debug|Any CPU.Build.0 = Debug|Any CPU
		{5F7BE351-BBC8-4047-A562-6EB7EA121106}.Release|Any CPU.ActiveCfg = Release|Any CPU
		{5F7BE351-BBC8-4047-A562-6EB7EA121106}.Release|Any CPU.Build.0 = Release|Any CPU
		{547FFA4B-CBBB-450C-9960-354826D57108}.Debug|Any CPU.ActiveCfg = Debug|Any CPU
		{547FFA4B-CBBB-450C-9960-354826D57108}.Debug|Any CPU.Build.0 = Debug|Any CPU
		{547FFA4B-CBBB-450C-9960-354826D57108}.Release|Any CPU.ActiveCfg = Release|Any CPU
		{547FFA4B-CBBB-450C-9960-354826D57108}.Release|Any CPU.Build.0 = Release|Any CPU
		{F5F1511B-320F-4942-BBED-48D1C06B7B04}.Debug|Any CPU.ActiveCfg = Debug|Any CPU
		{F5F1511B-320F-4942-BBED-48D1C06B7B04}.Debug|Any CPU.Build.0 = Debug|Any CPU
		{F5F1511B-320F-4942-BBED-48D1C06B7B04}.Release|Any CPU.ActiveCfg = Release|Any CPU
		{F5F1511B-320F-4942-BBED-48D1C06B7B04}.Release|Any CPU.Build.0 = Release|Any CPU
		{0D889B82-8178-42A0-8BE5-C76CD92C5995}.Debug|Any CPU.ActiveCfg = Debug|Any CPU
		{0D889B82-8178-42A0-8BE5-C76CD92C5995}.Debug|Any CPU.Build.0 = Debug|Any CPU
		{0D889B82-8178-42A0-8BE5-C76CD92C5995}.Release|Any CPU.ActiveCfg = Release|Any CPU
		{0D889B82-8178-42A0-8BE5-C76CD92C5995}.Release|Any CPU.Build.0 = Release|Any CPU
	EndGlobalSection
	GlobalSection(SolutionProperties) = preSolution
		HideSolutionNode = FALSE
	EndGlobalSection
	GlobalSection(NestedProjects) = preSolution
		{0C2C6EAA-7291-4491-B394-A96BE81C54F4} = {C6F44FF8-205F-403E-BA37-3D12E04EBEC3}
		{912B526D-15AF-42DD-841B-438F623E06CE} = {C6F44FF8-205F-403E-BA37-3D12E04EBEC3}
		{18B99742-35FD-4F72-A706-15AB6DB0E928} = {0C2C6EAA-7291-4491-B394-A96BE81C54F4}
		{9952A14D-0C82-4F72-B558-3190C42ACCBE} = {912B526D-15AF-42DD-841B-438F623E06CE}
		{9DCAE3EB-F6CA-4B6A-8025-310D844C509D} = {291F6F76-C406-4D00-A242-134C5DF334CC}
		{5F7BE351-BBC8-4047-A562-6EB7EA121106} = {9DCAE3EB-F6CA-4B6A-8025-310D844C509D}
		{547FFA4B-CBBB-450C-9960-354826D57108} = {83446273-D999-4455-A2C7-9E33E6A40EEB}
		{F5F1511B-320F-4942-BBED-48D1C06B7B04} = {291F6F76-C406-4D00-A242-134C5DF334CC}
		{0D889B82-8178-42A0-8BE5-C76CD92C5995} = {37F6E3E6-30C6-4B95-B6EC-1FB7E78253B7}
	EndGlobalSection
	GlobalSection(ExtensibilityGlobals) = postSolution
		SolutionGuid = {B1642257-C188-4944-B8E2-F07B798BF2ED}
	EndGlobalSection
EndGlobal
